github.com/gorilla/mux v1.8.0 h1:i40aqfkR1h2SlN9hojwV5ZA91wcXFOvkdNIeFDP5koI=
github.com/gorilla/mux v1.8.0/go.mod h1:DVbg23sWSpFRCP0SfiEN6jmj59UnW/n46BH5rLB71So=
github.com/oliamb/cutter v0.2.2 h1:Lfwkya0HHNU1YLnGv2hTkzHfasrSMkgv4Dn+5rmlk3k=
github.com/oliamb/cutter v0.2.2/go.mod h1:4BenG2/4GuRBDbVm/OPahDVqbrOemzpPiG5mi1iryBU=
